
Microsoft Visual Studio Solution File, Format Version 12.00
# Visual Studio Express 2012 for Windows Desktop
Project("{FAE04EC0-301F-11D3-BF4B-00C04F79EFBC}") = "ServerUserCleanup", "ServerUserCleanup\ServerUserCleanup.csproj", "{14487FF4-AAE8-4E1D-81BC-3F24E2AC3501}"
EndProject
Global
	GlobalSection(SolutionConfigurationPlatforms) = preSolution
		Debug|Any CPU = Debug|Any CPU
		Release|Any CPU = Release|Any CPU
	EndGlobalSection
	GlobalSection(ProjectConfigurationPlatforms) = postSolution
		{14487FF4-AAE8-4E1D-81BC-3F24E2AC3501}.Debug|Any CPU.ActiveCfg = Debug|Any CPU
		{14487FF4-AAE8-4E1D-81BC-3F24E2AC3501}.Debug|Any CPU.Build.0 = Debug|Any CPU
		{14487FF4-AAE8-4E1D-81BC-3F24E2AC3501}.Release|Any CPU.ActiveCfg = Release|Any CPU
		{14487FF4-AAE8-4E1D-81BC-3F24E2AC3501}.Release|Any CPU.Build.0 = Release|Any CPU
	EndGlobalSection
	GlobalSection(SolutionProperties) = preSolution
		HideSolutionNode = FALSE
	EndGlobalSection
EndGlobal
